{
  "originHash" : "e534cd9551cecde17f2fec7a7a656d92e6c635b5fef9ecb5cd3bef2c30f30e47",
  "pins" : [
    {
      "identity" : "sparkle",
      "kind" : "remoteSourceControl",
      "location" : "https://github.com/sparkle-project/Sparkle",
      "state" : {
        "revision" : "9a1d2a19d3595fcf8d9c447173f9a1687b3dcadb",
        "version" : "2.8.0"
      }
    },
    {
      "identity" : "sqlcipher.swift",
      "kind" : "remoteSourceControl",
      "location" : "https://github.com/sqlcipher/SQLCipher.swift",
      "state" : {
        "revision" : "46e687b829dce3f9262e16e9f941a9e159136085",
        "version" : "4.10.0"
      }
    }
  ],
  "version" : 3
}
