// !$*UTF8*$!
{
	archiveVersion = 1;
	classes = {
	};
	objectVersion = 77;
	objects = {

/* Begin PBXBuildFile section */
		C4F1215A2E7EEDDC00AB38FC /* Sparkle in Frameworks */ = {isa = PBXBuildFile; productRef = C4F121592E7EEDDC00AB38FC /* Sparkle */; };
/* End PBXBuildFile section */

/* Begin PBXContainerItemProxy section */
		C4681DC22E7C2718004C20D3 /* PBXContainerItemProxy */ = {
			isa = PBXContainerItemProxy;
			containerPortal = C4681DAB2E7C2717004C20D3 /* Project object */;
			proxyType = 1;
			remoteGlobalIDString = C4681DB22E7C2717004C20D3;
			remoteInfo = TimeScroll;
		};
		C4681DCC2E7C2718004C20D3 /* PBXContainerItemProxy */ = {
			isa = PBXContainerItemProxy;
			containerPortal = C4681DAB2E7C2717004C20D3 /* Project object */;
			proxyType = 1;
			remoteGlobalIDString = C4681DB22E7C2717004C20D3;
			remoteInfo = TimeScroll;
		};
/* End PBXContainerItemProxy section */

/* Begin PBXFileReference section */
		C4681DB32E7C2717004C20D3 /* TimeScroll.app */ = {isa = PBXFileReference; explicitFileType = wrapper.application; includeInIndex = 0; path = TimeScroll.app; sourceTree = BUILT_PRODUCTS_DIR; };
		C4681DC12E7C2718004C20D3 /* TimeScrollTests.xctest */ = {isa = PBXFileReference; explicitFileType = wrapper.cfbundle; includeInIndex = 0; path = TimeScrollTests.xctest; sourceTree = BUILT_PRODUCTS_DIR; };
		C4681DCB2E7C2718004C20D3 /* TimeScrollUITests.xctest */ = {isa = PBXFileReference; explicitFileType = wrapper.cfbundle; includeInIndex = 0; path = TimeScrollUITests.xctest; sourceTree = BUILT_PRODUCTS_DIR; };
/* End PBXFileReference section */

/* Begin PBXFileSystemSynchronizedBuildFileExceptionSet section */
		C4F1215E2E7EF53000AB38FC /* Exceptions for "TimeScrollDev" folder in "TimeScroll" target */ = {
			isa = PBXFileSystemSynchronizedBuildFileExceptionSet;
			membershipExceptions = (
				Info.plist,
			);
			target = C4681DB22E7C2717004C20D3 /* TimeScroll */;
		};
/* End PBXFileSystemSynchronizedBuildFileExceptionSet section */

/* Begin PBXFileSystemSynchronizedRootGroup section */
		C4681DB52E7C2717004C20D3 /* TimeScrollDev */ = {
			isa = PBXFileSystemSynchronizedRootGroup;
			exceptions = (
				C4F1215E2E7EF53000AB38FC /* Exceptions for "TimeScrollDev" folder in "TimeScroll" target */,
			);
			path = TimeScrollDev;
			sourceTree = "<group>";
		};
		C4681DC42E7C2718004C20D3 /* TimeScrollDevTests */ = {
			isa = PBXFileSystemSynchronizedRootGroup;
			path = TimeScrollDevTests;
			sourceTree = "<group>";
		};
		C4681DCE2E7C2718004C20D3 /* TimeScrollDevUITests */ = {
			isa = PBXFileSystemSynchronizedRootGroup;
			path = TimeScrollDevUITests;
			sourceTree = "<group>";
		};
/* End PBXFileSystemSynchronizedRootGroup section */

/* Begin PBXFrameworksBuildPhase section */
		C4681DB02E7C2717004C20D3 /* Frameworks */ = {
			isa = PBXFrameworksBuildPhase;
			buildActionMask = 2147483647;
			files = (
				C4F1215A2E7EEDDC00AB38FC /* Sparkle in Frameworks */,
			);
			runOnlyForDeploymentPostprocessing = 0;
		};
		C4681DBE2E7C2718004C20D3 /* Frameworks */ = {
			isa = PBXFrameworksBuildPhase;
			buildActionMask = 2147483647;
			files = (
			);
			runOnlyForDeploymentPostprocessing = 0;
		};
		C4681DC82E7C2718004C20D3 /* Frameworks */ = {
			isa = PBXFrameworksBuildPhase;
			buildActionMask = 2147483647;
			files = (
			);
			runOnlyForDeploymentPostprocessing = 0;
		};
/* End PBXFrameworksBuildPhase section */

/* Begin PBXGroup section */
		C4681DAA2E7C2717004C20D3 = {
			isa = PBXGroup;
			children = (
				C4681DB52E7C2717004C20D3 /* TimeScrollDev */,
				C4681DC42E7C2718004C20D3 /* TimeScrollDevTests */,
				C4681DCE2E7C2718004C20D3 /* TimeScrollDevUITests */,
				C4681DB42E7C2717004C20D3 /* Products */,
			);
			sourceTree = "<group>";
		};
		C4681DB42E7C2717004C20D3 /* Products */ = {
			isa = PBXGroup;
			children = (
				C4681DB32E7C2717004C20D3 /* TimeScroll.app */,
				C4681DC12E7C2718004C20D3 /* TimeScrollTests.xctest */,
				C4681DCB2E7C2718004C20D3 /* TimeScrollUITests.xctest */,
			);
			name = Products;
			sourceTree = "<group>";
		};
/* End PBXGroup section */

/* Begin PBXNativeTarget section */
		C4681DB22E7C2717004C20D3 /* TimeScroll */ = {
			isa = PBXNativeTarget;
			buildConfigurationList = C4681DD52E7C2718004C20D3 /* Build configuration list for PBXNativeTarget "TimeScroll" */;
			buildPhases = (
				C4681DAF2E7C2717004C20D3 /* Sources */,
				C4681DB02E7C2717004C20D3 /* Frameworks */,
				C4681DB12E7C2717004C20D3 /* Resources */,
			);
			buildRules = (
			);
			dependencies = (
			);
			fileSystemSynchronizedGroups = (
				C4681DB52E7C2717004C20D3 /* TimeScrollDev */,
			);
			name = TimeScroll;
			packageProductDependencies = (
				C4F121592E7EEDDC00AB38FC /* Sparkle */,
			);
			productName = TimeScroll;
			productReference = C4681DB32E7C2717004C20D3 /* TimeScroll.app */;
			productType = "com.apple.product-type.application";
		};
		C4681DC02E7C2718004C20D3 /* TimeScrollTests */ = {
			isa = PBXNativeTarget;
			buildConfigurationList = C4681DD82E7C2718004C20D3 /* Build configuration list for PBXNativeTarget "TimeScrollTests" */;
			buildPhases = (
				C4681DBD2E7C2718004C20D3 /* Sources */,
				C4681DBE2E7C2718004C20D3 /* Frameworks */,
				C4681DBF2E7C2718004C20D3 /* Resources */,
			);
			buildRules = (
			);
			dependencies = (
				C4681DC32E7C2718004C20D3 /* PBXTargetDependency */,
			);
			fileSystemSynchronizedGroups = (
				C4681DC42E7C2718004C20D3 /* TimeScrollDevTests */,
			);
			name = TimeScrollTests;
			packageProductDependencies = (
			);
			productName = TimeScrollTests;
			productReference = C4681DC12E7C2718004C20D3 /* TimeScrollTests.xctest */;
			productType = "com.apple.product-type.bundle.unit-test";
		};
		C4681DCA2E7C2718004C20D3 /* TimeScrollUITests */ = {
			isa = PBXNativeTarget;
			buildConfigurationList = C4681DDB2E7C2718004C20D3 /* Build configuration list for PBXNativeTarget "TimeScrollUITests" */;
			buildPhases = (
				C4681DC72E7C2718004C20D3 /* Sources */,
				C4681DC82E7C2718004C20D3 /* Frameworks */,
				C4681DC92E7C2718004C20D3 /* Resources */,
			);
			buildRules = (
			);
			dependencies = (
				C4681DCD2E7C2718004C20D3 /* PBXTargetDependency */,
			);
			fileSystemSynchronizedGroups = (
				C4681DCE2E7C2718004C20D3 /* TimeScrollDevUITests */,
			);
			name = TimeScrollUITests;
			packageProductDependencies = (
			);
			productName = TimeScrollUITests;
			productReference = C4681DCB2E7C2718004C20D3 /* TimeScrollUITests.xctest */;
			productType = "com.apple.product-type.bundle.ui-testing";
		};
/* End PBXNativeTarget section */

/* Begin PBXProject section */
		C4681DAB2E7C2717004C20D3 /* Project object */ = {
			isa = PBXProject;
			attributes = {
				BuildIndependentTargetsInParallel = 1;
				LastSwiftUpdateCheck = 1640;
				LastUpgradeCheck = 1640;
				TargetAttributes = {
					C4681DB22E7C2717004C20D3 = {
						CreatedOnToolsVersion = 16.4;
					};
					C4681DC02E7C2718004C20D3 = {
						CreatedOnToolsVersion = 16.4;
						TestTargetID = C4681DB22E7C2717004C20D3;
					};
					C4681DCA2E7C2718004C20D3 = {
						CreatedOnToolsVersion = 16.4;
						TestTargetID = C4681DB22E7C2717004C20D3;
					};
				};
			};
			buildConfigurationList = C4681DAE2E7C2717004C20D3 /* Build configuration list for PBXProject "TimeScroll" */;
			developmentRegion = en;
			hasScannedForEncodings = 0;
			knownRegions = (
				en,
				Base,
			);
			mainGroup = C4681DAA2E7C2717004C20D3;
			minimizedProjectReferenceProxies = 1;
			packageReferences = (
				C4F121582E7EEDDC00AB38FC /* XCRemoteSwiftPackageReference "Sparkle" */,
			);
			preferredProjectObjectVersion = 77;
			productRefGroup = C4681DB42E7C2717004C20D3 /* Products */;
			projectDirPath = "";
			projectRoot = "";
			targets = (
				C4681DB22E7C2717004C20D3 /* TimeScroll */,
				C4681DC02E7C2718004C20D3 /* TimeScrollTests */,
				C4681DCA2E7C2718004C20D3 /* TimeScrollUITests */,
			);
		};
/* End PBXProject section */

/* Begin PBXResourcesBuildPhase section */
		C4681DB12E7C2717004C20D3 /* Resources */ = {
			isa = PBXResourcesBuildPhase;
			buildActionMask = 2147483647;
			files = (
			);
			runOnlyForDeploymentPostprocessing = 0;
		};
		C4681DBF2E7C2718004C20D3 /* Resources */ = {
			isa = PBXResourcesBuildPhase;
			buildActionMask = 2147483647;
			files = (
			);
			runOnlyForDeploymentPostprocessing = 0;
		};
		C4681DC92E7C2718004C20D3 /* Resources */ = {
			isa = PBXResourcesBuildPhase;
			buildActionMask = 2147483647;
			files = (
			);
			runOnlyForDeploymentPostprocessing = 0;
		};
/* End PBXResourcesBuildPhase section */

/* Begin PBXSourcesBuildPhase section */
		C4681DAF2E7C2717004C20D3 /* Sources */ = {
			isa = PBXSourcesBuildPhase;
			buildActionMask = 2147483647;
			files = (
			);
			runOnlyForDeploymentPostprocessing = 0;
		};
		C4681DBD2E7C2718004C20D3 /* Sources */ = {
			isa = PBXSourcesBuildPhase;
			buildActionMask = 2147483647;
			files = (
			);
			runOnlyForDeploymentPostprocessing = 0;
		};
		C4681DC72E7C2718004C20D3 /* Sources */ = {
			isa = PBXSourcesBuildPhase;
			buildActionMask = 2147483647;
			files = (
			);
			runOnlyForDeploymentPostprocessing = 0;
		};
/* End PBXSourcesBuildPhase section */

/* Begin PBXTargetDependency section */
		C4681DC32E7C2718004C20D3 /* PBXTargetDependency */ = {
			isa = PBXTargetDependency;
			target = C4681DB22E7C2717004C20D3 /* TimeScroll */;
			targetProxy = C4681DC22E7C2718004C20D3 /* PBXContainerItemProxy */;
		};
		C4681DCD2E7C2718004C20D3 /* PBXTargetDependency */ = {
			isa = PBXTargetDependency;
			target = C4681DB22E7C2717004C20D3 /* TimeScroll */;
			targetProxy = C4681DCC2E7C2718004C20D3 /* PBXContainerItemProxy */;
		};
/* End PBXTargetDependency section */

/* Begin XCBuildConfiguration section */
		C4681DD32E7C2718004C20D3 /* Debug */ = {
			isa = XCBuildConfiguration;
			buildSettings = {
				ALWAYS_SEARCH_USER_PATHS = NO;
				ASSETCATALOG_COMPILER_GENERATE_SWIFT_ASSET_SYMBOL_EXTENSIONS = YES;
				CLANG_ANALYZER_NONNULL = YES;
				CLANG_ANALYZER_NUMBER_OBJECT_CONVERSION = YES_AGGRESSIVE;
				CLANG_CXX_LANGUAGE_STANDARD = "gnu++20";
				CLANG_ENABLE_MODULES = YES;
				CLANG_ENABLE_OBJC_ARC = YES;
				CLANG_ENABLE_OBJC_WEAK = YES;
				CLANG_WARN_BLOCK_CAPTURE_AUTORELEASING = YES;
				CLANG_WARN_BOOL_CONVERSION = YES;
				CLANG_WARN_COMMA = YES;
				CLANG_WARN_CONSTANT_CONVERSION = YES;
				CLANG_WARN_DEPRECATED_OBJC_IMPLEMENTATIONS = YES;
				CLANG_WARN_DIRECT_OBJC_ISA_USAGE = YES_ERROR;
				CLANG_WARN_DOCUMENTATION_COMMENTS = YES;
				CLANG_WARN_EMPTY_BODY = YES;
				CLANG_WARN_ENUM_CONVERSION = YES;
				CLANG_WARN_INFINITE_RECURSION = YES;
				CLANG_WARN_INT_CONVERSION = YES;
				CLANG_WARN_NON_LITERAL_NULL_CONVERSION = YES;
				CLANG_WARN_OBJC_IMPLICIT_RETAIN_SELF = YES;
				CLANG_WARN_OBJC_LITERAL_CONVERSION = YES;
				CLANG_WARN_OBJC_ROOT_CLASS = YES_ERROR;
				CLANG_WARN_QUOTED_INCLUDE_IN_FRAMEWORK_HEADER = YES;
				CLANG_WARN_RANGE_LOOP_ANALYSIS = YES;
				CLANG_WARN_STRICT_PROTOTYPES = YES;
				CLANG_WARN_SUSPICIOUS_MOVE = YES;
				CLANG_WARN_UNGUARDED_AVAILABILITY = YES_AGGRESSIVE;
				CLANG_WARN_UNREACHABLE_CODE = YES;
				CLANG_WARN__DUPLICATE_METHOD_MATCH = YES;
				COPY_PHASE_STRIP = NO;
				DEBUG_INFORMATION_FORMAT = dwarf;
				DEVELOPMENT_TEAM = AHMJRF4WSG;
				ENABLE_STRICT_OBJC_MSGSEND = YES;
				ENABLE_TESTABILITY = YES;
				ENABLE_USER_SCRIPT_SANDBOXING = YES;
				GCC_C_LANGUAGE_STANDARD = gnu17;
				GCC_DYNAMIC_NO_PIC = NO;
				GCC_NO_COMMON_BLOCKS = YES;
				GCC_OPTIMIZATION_LEVEL = 0;
				GCC_PREPROCESSOR_DEFINITIONS = (
					"DEBUG=1",
					"$(inherited)",
				);
				GCC_WARN_64_TO_32_BIT_CONVERSION = YES;
				GCC_WARN_ABOUT_RETURN_TYPE = YES_ERROR;
				GCC_WARN_UNDECLARED_SELECTOR = YES;
				GCC_WARN_UNINITIALIZED_AUTOS = YES_AGGRESSIVE;
				GCC_WARN_UNUSED_FUNCTION = YES;
				GCC_WARN_UNUSED_VARIABLE = YES;
				LOCALIZATION_PREFERS_STRING_CATALOGS = YES;
				MACOSX_DEPLOYMENT_TARGET = 13.0;
				MTL_ENABLE_DEBUG_INFO = INCLUDE_SOURCE;
				MTL_FAST_MATH = YES;
				ONLY_ACTIVE_ARCH = YES;
				SDKROOT = macosx;
				SWIFT_ACTIVE_COMPILATION_CONDITIONS = "DEBUG $(inherited)";
				SWIFT_OPTIMIZATION_LEVEL = "-Onone";
			};
			name = Debug;
		};
		C4681DD42E7C2718004C20D3 /* Release */ = {
			isa = XCBuildConfiguration;
			buildSettings = {
				ALWAYS_SEARCH_USER_PATHS = NO;
				ASSETCATALOG_COMPILER_GENERATE_SWIFT_ASSET_SYMBOL_EXTENSIONS = YES;
				CLANG_ANALYZER_NONNULL = YES;
				CLANG_ANALYZER_NUMBER_OBJECT_CONVERSION = YES_AGGRESSIVE;
				CLANG_CXX_LANGUAGE_STANDARD = "gnu++20";
				CLANG_ENABLE_MODULES = YES;
				CLANG_ENABLE_OBJC_ARC = YES;
				CLANG_ENABLE_OBJC_WEAK = YES;
				CLANG_WARN_BLOCK_CAPTURE_AUTORELEASING = YES;
				CLANG_WARN_BOOL_CONVERSION = YES;
				CLANG_WARN_COMMA = YES;
				CLANG_WARN_CONSTANT_CONVERSION = YES;
				CLANG_WARN_DEPRECATED_OBJC_IMPLEMENTATIONS = YES;
				CLANG_WARN_DIRECT_OBJC_ISA_USAGE = YES_ERROR;
				CLANG_WARN_DOCUMENTATION_COMMENTS = YES;
				CLANG_WARN_EMPTY_BODY = YES;
				CLANG_WARN_ENUM_CONVERSION = YES;
				CLANG_WARN_INFINITE_RECURSION = YES;
				CLANG_WARN_INT_CONVERSION = YES;
				CLANG_WARN_NON_LITERAL_NULL_CONVERSION = YES;
				CLANG_WARN_OBJC_IMPLICIT_RETAIN_SELF = YES;
				CLANG_WARN_OBJC_LITERAL_CONVERSION = YES;
				CLANG_WARN_OBJC_ROOT_CLASS = YES_ERROR;
				CLANG_WARN_QUOTED_INCLUDE_IN_FRAMEWORK_HEADER = YES;
				CLANG_WARN_RANGE_LOOP_ANALYSIS = YES;
				CLANG_WARN_STRICT_PROTOTYPES = YES;
				CLANG_WARN_SUSPICIOUS_MOVE = YES;
				CLANG_WARN_UNGUARDED_AVAILABILITY = YES_AGGRESSIVE;
				CLANG_WARN_UNREACHABLE_CODE = YES;
				CLANG_WARN__DUPLICATE_METHOD_MATCH = YES;
				COPY_PHASE_STRIP = NO;
				DEBUG_INFORMATION_FORMAT = "dwarf-with-dsym";
				DEVELOPMENT_TEAM = AHMJRF4WSG;
				ENABLE_NS_ASSERTIONS = NO;
				ENABLE_STRICT_OBJC_MSGSEND = YES;
				ENABLE_USER_SCRIPT_SANDBOXING = YES;
				GCC_C_LANGUAGE_STANDARD = gnu17;
				GCC_NO_COMMON_BLOCKS = YES;
				GCC_WARN_64_TO_32_BIT_CONVERSION = YES;
				GCC_WARN_ABOUT_RETURN_TYPE = YES_ERROR;
				GCC_WARN_UNDECLARED_SELECTOR = YES;
				GCC_WARN_UNINITIALIZED_AUTOS = YES_AGGRESSIVE;
				GCC_WARN_UNUSED_FUNCTION = YES;
				GCC_WARN_UNUSED_VARIABLE = YES;
				LOCALIZATION_PREFERS_STRING_CATALOGS = YES;
				MACOSX_DEPLOYMENT_TARGET = 13.0;
				MTL_ENABLE_DEBUG_INFO = NO;
				MTL_FAST_MATH = YES;
				SDKROOT = macosx;
				SWIFT_COMPILATION_MODE = wholemodule;
			};
			name = Release;
		};
		C4681DD62E7C2718004C20D3 /* Debug */ = {
			isa = XCBuildConfiguration;
			buildSettings = {
				ASSETCATALOG_COMPILER_APPICON_NAME = AppIcon;
				ASSETCATALOG_COMPILER_GLOBAL_ACCENT_COLOR_NAME = AccentColor;
				ASSETCATALOG_COMPILER_INCLUDE_ALL_APPICON_ASSETS = NO;
				CODE_SIGN_ENTITLEMENTS = TimeScrollDev/TimeScroll.entitlements;
				CODE_SIGN_STYLE = Automatic;
				COMBINE_HIDPI_IMAGES = YES;
				CURRENT_PROJECT_VERSION = 13;
				DEVELOPMENT_ASSET_PATHS = "";
				DEVELOPMENT_TEAM = AHMJRF4WSG;
				ENABLE_HARDENED_RUNTIME = YES;
				ENABLE_PREVIEWS = YES;
				ENABLE_USER_SCRIPT_SANDBOXING = NO;
				GENERATE_INFOPLIST_FILE = YES;
				INFOPLIST_FILE = TimeScrollDev/Info.plist;
				INFOPLIST_KEY_CFBundleDisplayName = TimeScroll;
				INFOPLIST_KEY_LSApplicationCategoryType = "public.app-category.productivity";
				INFOPLIST_KEY_NSHumanReadableCopyright = "";
				INFOPLIST_KEY_SUAllowsAutomaticUpdates = YES;
				INFOPLIST_KEY_SUAutomaticallyUpdate = YES;
				INFOPLIST_KEY_SUEnableAutomaticChecks = YES;
				INFOPLIST_KEY_SUFeedURL = "https://timescroll.updates.muzhen.org/stable/appcast.xml";
				INFOPLIST_KEY_SUPublicEDKey = PASTE_YOUR_SPARKLE_PUBLIC_ED25519_KEY_HERE;
				INFOPLIST_KEY_SUScheduledCheckInterval = 86400;
				LD_RUNPATH_SEARCH_PATHS = (
					"$(inherited)",
					"@executable_path/../Frameworks",
				);
				MACOSX_DEPLOYMENT_TARGET = 13.0;
				MARKETING_VERSION = alpha.2;
				PRODUCT_BUNDLE_IDENTIFIER = com.muzhen.TimeScroll;
				PRODUCT_NAME = "$(TARGET_NAME)";
				REGISTER_APP_GROUPS = YES;
				SWIFT_EMIT_LOC_STRINGS = YES;
				SWIFT_VERSION = 5.0;
			};
			name = Debug;
		};
		C4681DD72E7C2718004C20D3 /* Release */ = {
			isa = XCBuildConfiguration;
			buildSettings = {
				ASSETCATALOG_COMPILER_APPICON_NAME = AppIcon;
				ASSETCATALOG_COMPILER_GLOBAL_ACCENT_COLOR_NAME = AccentColor;
				ASSETCATALOG_COMPILER_INCLUDE_ALL_APPICON_ASSETS = NO;
				CODE_SIGN_ENTITLEMENTS = TimeScrollDev/TimeScroll.entitlements;
				CODE_SIGN_STYLE = Automatic;
				COMBINE_HIDPI_IMAGES = YES;
				CURRENT_PROJECT_VERSION = 13;
				DEVELOPMENT_ASSET_PATHS = "";
				DEVELOPMENT_TEAM = AHMJRF4WSG;
				ENABLE_HARDENED_RUNTIME = YES;
				ENABLE_PREVIEWS = YES;
				ENABLE_USER_SCRIPT_SANDBOXING = NO;
				GENERATE_INFOPLIST_FILE = YES;
				INFOPLIST_FILE = TimeScrollDev/Info.plist;
				INFOPLIST_KEY_CFBundleDisplayName = TimeScroll;
				INFOPLIST_KEY_LSApplicationCategoryType = "public.app-category.productivity";
				INFOPLIST_KEY_NSHumanReadableCopyright = "";
				INFOPLIST_KEY_SUAllowsAutomaticUpdates = YES;
				INFOPLIST_KEY_SUAutomaticallyUpdate = YES;
				INFOPLIST_KEY_SUEnableAutomaticChecks = YES;
				INFOPLIST_KEY_SUFeedURL = "https://timescroll.updates.muzhen.org/stable/appcast.xml";
				INFOPLIST_KEY_SUPublicEDKey = PASTE_YOUR_SPARKLE_PUBLIC_ED25519_KEY_HERE;
				INFOPLIST_KEY_SUScheduledCheckInterval = 86400;
				LD_RUNPATH_SEARCH_PATHS = (
					"$(inherited)",
					"@executable_path/../Frameworks",
				);
				MACOSX_DEPLOYMENT_TARGET = 13.0;
				MARKETING_VERSION = alpha.2;
				PRODUCT_BUNDLE_IDENTIFIER = com.muzhen.TimeScroll;
				PRODUCT_NAME = "$(TARGET_NAME)";
				REGISTER_APP_GROUPS = YES;
				SWIFT_EMIT_LOC_STRINGS = YES;
				SWIFT_VERSION = 5.0;
			};
			name = Release;
		};
		C4681DD92E7C2718004C20D3 /* Debug */ = {
			isa = XCBuildConfiguration;
			buildSettings = {
				BUNDLE_LOADER = "$(TEST_HOST)";
				CODE_SIGN_STYLE = Automatic;
				CURRENT_PROJECT_VERSION = 1;
				DEVELOPMENT_TEAM = AHMJRF4WSG;
				GENERATE_INFOPLIST_FILE = YES;
				MACOSX_DEPLOYMENT_TARGET = 13.0;
				MARKETING_VERSION = 1.0;
				PRODUCT_BUNDLE_IDENTIFIER = com.muzhen.TimeScrollTests;
				PRODUCT_NAME = "$(TARGET_NAME)";
				SWIFT_EMIT_LOC_STRINGS = NO;
				SWIFT_VERSION = 5.0;
				TEST_HOST = "$(BUILT_PRODUCTS_DIR)/TimeScroll.app/$(BUNDLE_EXECUTABLE_FOLDER_PATH)/TimeScroll";
			};
			name = Debug;
		};
		C4681DDA2E7C2718004C20D3 /* Release */ = {
			isa = XCBuildConfiguration;
			buildSettings = {
				BUNDLE_LOADER = "$(TEST_HOST)";
				CODE_SIGN_STYLE = Automatic;
				CURRENT_PROJECT_VERSION = 1;
				DEVELOPMENT_TEAM = AHMJRF4WSG;
				GENERATE_INFOPLIST_FILE = YES;
				MACOSX_DEPLOYMENT_TARGET = 13.0;
				MARKETING_VERSION = 1.0;
				PRODUCT_BUNDLE_IDENTIFIER = com.muzhen.TimeScrollTests;
				PRODUCT_NAME = "$(TARGET_NAME)";
				SWIFT_EMIT_LOC_STRINGS = NO;
				SWIFT_VERSION = 5.0;
				TEST_HOST = "$(BUILT_PRODUCTS_DIR)/TimeScroll.app/$(BUNDLE_EXECUTABLE_FOLDER_PATH)/TimeScroll";
			};
			name = Release;
		};
		C4681DDC2E7C2718004C20D3 /* Debug */ = {
			isa = XCBuildConfiguration;
			buildSettings = {
				CODE_SIGN_STYLE = Automatic;
				CURRENT_PROJECT_VERSION = 1;
				DEVELOPMENT_TEAM = AHMJRF4WSG;
				GENERATE_INFOPLIST_FILE = YES;
				MARKETING_VERSION = 1.0;
				PRODUCT_BUNDLE_IDENTIFIER = com.muzhen.TimeScrollUITests;
				PRODUCT_NAME = "$(TARGET_NAME)";
				SWIFT_EMIT_LOC_STRINGS = NO;
				SWIFT_VERSION = 5.0;
				TEST_TARGET_NAME = TimeScroll;
			};
			name = Debug;
		};
		C4681DDD2E7C2718004C20D3 /* Release */ = {
			isa = XCBuildConfiguration;
			buildSettings = {
				CODE_SIGN_STYLE = Automatic;
				CURRENT_PROJECT_VERSION = 1;
				DEVELOPMENT_TEAM = AHMJRF4WSG;
				GENERATE_INFOPLIST_FILE = YES;
				MARKETING_VERSION = 1.0;
				PRODUCT_BUNDLE_IDENTIFIER = com.muzhen.TimeScrollUITests;
				PRODUCT_NAME = "$(TARGET_NAME)";
				SWIFT_EMIT_LOC_STRINGS = NO;
				SWIFT_VERSION = 5.0;
				TEST_TARGET_NAME = TimeScroll;
			};
			name = Release;
		};
/* End XCBuildConfiguration section */

/* Begin XCConfigurationList section */
		C4681DAE2E7C2717004C20D3 /* Build configuration list for PBXProject "TimeScroll" */ = {
			isa = XCConfigurationList;
			buildConfigurations = (
				C4681DD32E7C2718004C20D3 /* Debug */,
				C4681DD42E7C2718004C20D3 /* Release */,
			);
			defaultConfigurationIsVisible = 0;
			defaultConfigurationName = Release;
		};
		C4681DD52E7C2718004C20D3 /* Build configuration list for PBXNativeTarget "TimeScroll" */ = {
			isa = XCConfigurationList;
			buildConfigurations = (
				C4681DD62E7C2718004C20D3 /* Debug */,
				C4681DD72E7C2718004C20D3 /* Release */,
			);
			defaultConfigurationIsVisible = 0;
			defaultConfigurationName = Release;
		};
		C4681DD82E7C2718004C20D3 /* Build configuration list for PBXNativeTarget "TimeScrollTests" */ = {
			isa = XCConfigurationList;
			buildConfigurations = (
				C4681DD92E7C2718004C20D3 /* Debug */,
				C4681DDA2E7C2718004C20D3 /* Release */,
			);
			defaultConfigurationIsVisible = 0;
			defaultConfigurationName = Release;
		};
		C4681DDB2E7C2718004C20D3 /* Build configuration list for PBXNativeTarget "TimeScrollUITests" */ = {
			isa = XCConfigurationList;
			buildConfigurations = (
				C4681DDC2E7C2718004C20D3 /* Debug */,
				C4681DDD2E7C2718004C20D3 /* Release */,
			);
			defaultConfigurationIsVisible = 0;
			defaultConfigurationName = Release;
		};
/* End XCConfigurationList section */

/* Begin XCRemoteSwiftPackageReference section */
		C4F121582E7EEDDC00AB38FC /* XCRemoteSwiftPackageReference "Sparkle" */ = {
			isa = XCRemoteSwiftPackageReference;
			repositoryURL = "https://github.com/sparkle-project/Sparkle";
			requirement = {
				kind = upToNextMajorVersion;
				minimumVersion = 2.8.0;
			};
		};
/* End XCRemoteSwiftPackageReference section */

/* Begin XCSwiftPackageProductDependency section */
		C4F121592E7EEDDC00AB38FC /* Sparkle */ = {
			isa = XCSwiftPackageProductDependency;
			package = C4F121582E7EEDDC00AB38FC /* XCRemoteSwiftPackageReference "Sparkle" */;
			productName = Sparkle;
		};
/* End XCSwiftPackageProductDependency section */
	};
	rootObject = C4681DAB2E7C2717004C20D3 /* Project object */;
}
